
Microsoft Visual Studio Solution File, Format Version 12.00
# Visual Studio 15
VisualStudioVersion = 15.0.26730.12
MinimumVisualStudioVersion = 10.0.40219.1
Project("{FAE04EC0-301F-11D3-BF4B-00C04F79EFBC}") = "App7.Android", "App7\App7.Android\App7.Android.csproj", "{AE8D1A16-F512-4894-B565-D45C5D0CA0F5}"
EndProject
Project("{FAE04EC0-301F-11D3-BF4B-00C04F79EFBC}") = "App7", "App7\App7\App7.csproj", "{31568795-7E3A-4449-AC12-1B3C4B4F4A2D}"
EndProject
Project("{FAE04EC0-301F-11D3-BF4B-00C04F79EFBC}") = "App7.UWP", "App7\App7.UWP\App7.UWP.csproj", "{5A7AF748-94AF-4B3A-B65A-D56638E01E58}"
EndProject
Project("{FAE04EC0-301F-11D3-BF4B-00C04F79EFBC}") = "App7.iOS", "App7\App7.iOS\App7.iOS.csproj", "{90FA2716-4B2B-405B-987D-80D3E01813E9}"
EndProject
Global
	GlobalSection(SolutionConfigurationPlatforms) = preSolution
		Ad-Hoc|Any CPU = Ad-Hoc|Any CPU
		Ad-Hoc|ARM = Ad-Hoc|ARM
		Ad-Hoc|iPhone = Ad-Hoc|iPhone
		Ad-Hoc|iPhoneSimulator = Ad-Hoc|iPhoneSimulator
		Ad-Hoc|x64 = Ad-Hoc|x64
		Ad-Hoc|x86 = Ad-Hoc|x86
		AppStore|Any CPU = AppStore|Any CPU
		AppStore|ARM = AppStore|ARM
		AppStore|iPhone = AppStore|iPhone
		AppStore|iPhoneSimulator = AppStore|iPhoneSimulator
		AppStore|x64 = AppStore|x64
		AppStore|x86 = AppStore|x86
		Debug|Any CPU = Debug|Any CPU
		Debug|ARM = Debug|ARM
		Debug|iPhone = Debug|iPhone
		Debug|iPhoneSimulator = Debug|iPhoneSimulator
		Debug|x64 = Debug|x64
		Debug|x86 = Debug|x86
		Release|Any CPU = Release|Any CPU
		Release|ARM = Release|ARM
		Release|iPhone = Release|iPhone
		Release|iPhoneSimulator = Release|iPhoneSimulator
		Release|x64 = Release|x64
		Release|x86 = Release|x86
	EndGlobalSection
	GlobalSection(ProjectConfigurationPlatforms) = postSolution
		{AE8D1A16-F512-4894-B565-D45C5D0CA0F5}.Ad-Hoc|Any CPU.ActiveCfg = Release|Any CPU
		{AE8D1A16-F512-4894-B565-D45C5D0CA0F5}.Ad-Hoc|Any CPU.Build.0 = Release|Any CPU
		{AE8D1A16-F512-4894-B565-D45C5D0CA0F5}.Ad-Hoc|Any CPU.Deploy.0 = Release|Any CPU
		{AE8D1A16-F512-4894-B565-D45C5D0CA0F5}.Ad-Hoc|ARM.ActiveCfg = Release|Any CPU
		{AE8D1A16-F512-4894-B565-D45C5D0CA0F5}.Ad-Hoc|ARM.Build.0 = Release|Any CPU
		{AE8D1A16-F512-4894-B565-D45C5D0CA0F5}.Ad-Hoc|ARM.Deploy.0 = Release|Any CPU
		{AE8D1A16-F512-4894-B565-D45C5D0CA0F5}.Ad-Hoc|iPhone.ActiveCfg = Release|Any CPU
		{AE8D1A16-F512-4894-B565-D45C5D0CA0F5}.Ad-Hoc|iPhone.Build.0 = Release|Any CPU
		{AE8D1A16-F512-4894-B565-D45C5D0CA0F5}.Ad-Hoc|iPhone.Deploy.0 = Release|Any CPU
		{AE8D1A16-F512-4894-B565-D45C5D0CA0F5}.Ad-Hoc|iPhoneSimulator.ActiveCfg = Release|Any CPU
		{AE8D1A16-F512-4894-B565-D45C5D0CA0F5}.Ad-Hoc|iPhoneSimulator.Build.0 = Release|Any CPU
		{AE8D1A16-F512-4894-B565-D45C5D0CA0F5}.Ad-Hoc|iPhoneSimulator.Deploy.0 = Release|Any CPU
		{AE8D1A16-F512-4894-B565-D45C5D0CA0F5}.Ad-Hoc|x64.ActiveCfg = Release|Any CPU
		{AE8D1A16-F512-4894-B565-D45C5D0CA0F5}.Ad-Hoc|x64.Build.0 = Release|Any CPU
		{AE8D1A16-F512-4894-B565-D45C5D0CA0F5}.Ad-Hoc|x64.Deploy.0 = Release|Any CPU
		{AE8D1A16-F512-4894-B565-D45C5D0CA0F5}.Ad-Hoc|x86.ActiveCfg = Release|Any CPU
		{AE8D1A16-F512-4894-B565-D45C5D0CA0F5}.Ad-Hoc|x86.Build.0 = Release|Any CPU
		{AE8D1A16-F512-4894-B565-D45C5D0CA0F5}.Ad-Hoc|x86.Deploy.0 = Release|Any CPU
		{AE8D1A16-F512-4894-B565-D45C5D0CA0F5}.AppStore|Any CPU.ActiveCfg = Release|Any CPU
		{AE8D1A16-F512-4894-B565-D45C5D0CA0F5}.AppStore|Any CPU.Build.0 = Release|Any CPU
		{AE8D1A16-F512-4894-B565-D45C5D0CA0F5}.AppStore|Any CPU.Deploy.0 = Release|Any CPU
		{AE8D1A16-F512-4894-B565-D45C5D0CA0F5}.AppStore|ARM.ActiveCfg = Release|Any CPU
		{AE8D1A16-F512-4894-B565-D45C5D0CA0F5}.AppStore|ARM.Build.0 = Release|Any CPU
		{AE8D1A16-F512-4894-B565-D45C5D0CA0F5}.AppStore|ARM.Deploy.0 = Release|Any CPU
		{AE8D1A16-F512-4894-B565-D45C5D0CA0F5}.AppStore|iPhone.ActiveCfg = Release|Any CPU
		{AE8D1A16-F512-4894-B565-D45C5D0CA0F5}.AppStore|iPhone.Build.0 = Release|Any CPU
		{AE8D1A16-F512-4894-B565-D45C5D0CA0F5}.AppStore|iPhone.Deploy.0 = Release|Any CPU
		{AE8D1A16-F512-4894-B565-D45C5D0CA0F5}.AppStore|iPhoneSimulator.ActiveCfg = Release|Any CPU
		{AE8D1A16-F512-4894-B565-D45C5D0CA0F5}.AppStore|iPhoneSimulator.Build.0 = Release|Any CPU
		{AE8D1A16-F512-4894-B565-D45C5D0CA0F5}.AppStore|iPhoneSimulator.Deploy.0 = Release|Any CPU
		{AE8D1A16-F512-4894-B565-D45C5D0CA0F5}.AppStore|x64.ActiveCfg = Release|Any CPU
		{AE8D1A16-F512-4894-B565-D45C5D0CA0F5}.AppStore|x64.Build.0 = Release|Any CPU
		{AE8D1A16-F512-4894-B565-D45C5D0CA0F5}.AppStore|x64.Deploy.0 = Release|Any CPU
		{AE8D1A16-F512-4894-B565-D45C5D0CA0F5}.AppStore|x86.ActiveCfg = Release|Any CPU
		{AE8D1A16-F512-4894-B565-D45C5D0CA0F5}.AppStore|x86.Build.0 = Release|Any CPU
		{AE8D1A16-F512-4894-B565-D45C5D0CA0F5}.AppStore|x86.Deploy.0 = Release|Any CPU
		{AE8D1A16-F512-4894-B565-D45C5D0CA0F5}.Debug|Any CPU.ActiveCfg = Debug|Any CPU
		{AE8D1A16-F512-4894-B565-D45C5D0CA0F5}.Debug|Any CPU.Build.0 = Debug|Any CPU
		{AE8D1A16-F512-4894-B565-D45C5D0CA0F5}.Debug|Any CPU.Deploy.0 = Debug|Any CPU
		{AE8D1A16-F512-4894-B565-D45C5D0CA0F5}.Debug|ARM.ActiveCfg = Debug|Any CPU
		{AE8D1A16-F512-4894-B565-D45C5D0CA0F5}.Debug|ARM.Build.0 = Debug|Any CPU
		{AE8D1A16-F512-4894-B565-D45C5D0CA0F5}.Debug|ARM.Deploy.0 = Debug|Any CPU
		{AE8D1A16-F512-4894-B565-D45C5D0CA0F5}.Debug|iPhone.ActiveCfg = Debug|Any CPU
		{AE8D1A16-F512-4894-B565-D45C5D0CA0F5}.Debug|iPhone.Build.0 = Debug|Any CPU
		{AE8D1A16-F512-4894-B565-D45C5D0CA0F5}.Debug|iPhone.Deploy.0 = Debug|Any CPU
		{AE8D1A16-F512-4894-B565-D45C5D0CA0F5}.Debug|iPhoneSimulator.ActiveCfg = Debug|Any CPU
		{AE8D1A16-F512-4894-B565-D45C5D0CA0F5}.Debug|iPhoneSimulator.Build.0 = Debug|Any CPU
		{AE8D1A16-F512-4894-B565-D45C5D0CA0F5}.Debug|iPhoneSimulator.Deploy.0 = Debug|Any CPU
		{AE8D1A16-F512-4894-B565-D45C5D0CA0F5}.Debug|x64.ActiveCfg = Debug|Any CPU
		{AE8D1A16-F512-4894-B565-D45C5D0CA0F5}.Debug|x64.Build.0 = Debug|Any CPU
		{AE8D1A16-F512-4894-B565-D45C5D0CA0F5}.Debug|x64.Deploy.0 = Debug|Any CPU
		{AE8D1A16-F512-4894-B565-D45C5D0CA0F5}.Debug|x86.ActiveCfg = Debug|Any CPU
		{AE8D1A16-F512-4894-B565-D45C5D0CA0F5}.Debug|x86.Build.0 = Debug|Any CPU
		{AE8D1A16-F512-4894-B565-D45C5D0CA0F5}.Debug|x86.Deploy.0 = Debug|Any CPU
		{AE8D1A16-F512-4894-B565-D45C5D0CA0F5}.Release|Any CPU.ActiveCfg = Release|Any CPU
		{AE8D1A16-F512-4894-B565-D45C5D0CA0F5}.Release|Any CPU.Build.0 = Release|Any CPU
		{AE8D1A16-F512-4894-B565-D45C5D0CA0F5}.Release|Any CPU.Deploy.0 = Release|Any CPU
		{AE8D1A16-F512-4894-B565-D45C5D0CA0F5}.Release|ARM.ActiveCfg = Release|Any CPU
		{AE8D1A16-F512-4894-B565-D45C5D0CA0F5}.Release|ARM.Build.0 = Release|Any CPU
		{AE8D1A16-F512-4894-B565-D45C5D0CA0F5}.Release|ARM.Deploy.0 = Release|Any CPU
		{AE8D1A16-F512-4894-B565-D45C5D0CA0F5}.Release|iPhone.ActiveCfg = Release|Any CPU
		{AE8D1A16-F512-4894-B565-D45C5D0CA0F5}.Release|iPhone.Build.0 = Release|Any CPU
		{AE8D1A16-F512-4894-B565-D45C5D0CA0F5}.Release|iPhone.Deploy.0 = Release|Any CPU
		{AE8D1A16-F512-4894-B565-D45C5D0CA0F5}.Release|iPhoneSimulator.ActiveCfg = Release|Any CPU
		{AE8D1A16-F512-4894-B565-D45C5D0CA0F5}.Release|iPhoneSimulator.Build.0 = Release|Any CPU
		{AE8D1A16-F512-4894-B565-D45C5D0CA0F5}.Release|iPhoneSimulator.Deploy.0 = Release|Any CPU
		{AE8D1A16-F512-4894-B565-D45C5D0CA0F5}.Release|x64.ActiveCfg = Release|Any CPU
		{AE8D1A16-F512-4894-B565-D45C5D0CA0F5}.Release|x64.Build.0 = Release|Any CPU
		{AE8D1A16-F512-4894-B565-D45C5D0CA0F5}.Release|x64.Deploy.0 = Release|Any CPU
		{AE8D1A16-F512-4894-B565-D45C5D0CA0F5}.Release|x86.ActiveCfg = Release|Any CPU
		{AE8D1A16-F512-4894-B565-D45C5D0CA0F5}.Release|x86.Build.0 = Release|Any CPU
		{AE8D1A16-F512-4894-B565-D45C5D0CA0F5}.Release|x86.Deploy.0 = Release|Any CPU
		{31568795-7E3A-4449-AC12-1B3C4B4F4A2D}.Ad-Hoc|Any CPU.ActiveCfg = Release|Any CPU
		{31568795-7E3A-4449-AC12-1B3C4B4F4A2D}.Ad-Hoc|Any CPU.Build.0 = Release|Any CPU
		{31568795-7E3A-4449-AC12-1B3C4B4F4A2D}.Ad-Hoc|ARM.ActiveCfg = Release|Any CPU
		{31568795-7E3A-4449-AC12-1B3C4B4F4A2D}.Ad-Hoc|ARM.Build.0 = Release|Any CPU
		{31568795-7E3A-4449-AC12-1B3C4B4F4A2D}.Ad-Hoc|iPhone.ActiveCfg = Release|Any CPU
		{31568795-7E3A-4449-AC12-1B3C4B4F4A2D}.Ad-Hoc|iPhone.Build.0 = Release|Any CPU
		{31568795-7E3A-4449-AC12-1B3C4B4F4A2D}.Ad-Hoc|iPhoneSimulator.ActiveCfg = Release|Any CPU
		{31568795-7E3A-4449-AC12-1B3C4B4F4A2D}.Ad-Hoc|iPhoneSimulator.Build.0 = Release|Any CPU
		{31568795-7E3A-4449-AC12-1B3C4B4F4A2D}.Ad-Hoc|x64.ActiveCfg = Release|Any CPU
		{31568795-7E3A-4449-AC12-1B3C4B4F4A2D}.Ad-Hoc|x64.Build.0 = Release|Any CPU
		{31568795-7E3A-4449-AC12-1B3C4B4F4A2D}.Ad-Hoc|x86.ActiveCfg = Release|Any CPU
		{31568795-7E3A-4449-AC12-1B3C4B4F4A2D}.Ad-Hoc|x86.Build.0 = Release|Any CPU
		{31568795-7E3A-4449-AC12-1B3C4B4F4A2D}.AppStore|Any CPU.ActiveCfg = Release|Any CPU
		{31568795-7E3A-4449-AC12-1B3C4B4F4A2D}.AppStore|Any CPU.Build.0 = Release|Any CPU
		{31568795-7E3A-4449-AC12-1B3C4B4F4A2D}.AppStore|ARM.ActiveCfg = Release|Any CPU
		{31568795-7E3A-4449-AC12-1B3C4B4F4A2D}.AppStore|ARM.Build.0 = Release|Any CPU
		{31568795-7E3A-4449-AC12-1B3C4B4F4A2D}.AppStore|iPhone.ActiveCfg = Release|Any CPU
		{31568795-7E3A-4449-AC12-1B3C4B4F4A2D}.AppStore|iPhone.Build.0 = Release|Any CPU
		{31568795-7E3A-4449-AC12-1B3C4B4F4A2D}.AppStore|iPhoneSimulator.ActiveCfg = Release|Any CPU
		{31568795-7E3A-4449-AC12-1B3C4B4F4A2D}.AppStore|iPhoneSimulator.Build.0 = Release|Any CPU
		{31568795-7E3A-4449-AC12-1B3C4B4F4A2D}.AppStore|x64.ActiveCfg = Release|Any CPU
		{31568795-7E3A-4449-AC12-1B3C4B4F4A2D}.AppStore|x64.Build.0 = Release|Any CPU
		{31568795-7E3A-4449-AC12-1B3C4B4F4A2D}.AppStore|x86.ActiveCfg = Release|Any CPU
		{31568795-7E3A-4449-AC12-1B3C4B4F4A2D}.AppStore|x86.Build.0 = Release|Any CPU
		{31568795-7E3A-4449-AC12-1B3C4B4F4A2D}.Debug|Any CPU.ActiveCfg = Debug|Any CPU
		{31568795-7E3A-4449-AC12-1B3C4B4F4A2D}.Debug|Any CPU.Build.0 = Debug|Any CPU
		{31568795-7E3A-4449-AC12-1B3C4B4F4A2D}.Debug|ARM.ActiveCfg = Debug|Any CPU
		{31568795-7E3A-4449-AC12-1B3C4B4F4A2D}.Debug|ARM.Build.0 = Debug|Any CPU
		{31568795-7E3A-4449-AC12-1B3C4B4F4A2D}.Debug|iPhone.ActiveCfg = Debug|Any CPU
		{31568795-7E3A-4449-AC12-1B3C4B4F4A2D}.Debug|iPhone.Build.0 = Debug|Any CPU
		{31568795-7E3A-4449-AC12-1B3C4B4F4A2D}.Debug|iPhoneSimulator.ActiveCfg = Debug|Any CPU
		{31568795-7E3A-4449-AC12-1B3C4B4F4A2D}.Debug|iPhoneSimulator.Build.0 = Debug|Any CPU
		{31568795-7E3A-4449-AC12-1B3C4B4F4A2D}.Debug|x64.ActiveCfg = Debug|Any CPU
		{31568795-7E3A-4449-AC12-1B3C4B4F4A2D}.Debug|x64.Build.0 = Debug|Any CPU
		{31568795-7E3A-4449-AC12-1B3C4B4F4A2D}.Debug|x86.ActiveCfg = Debug|Any CPU
		{31568795-7E3A-4449-AC12-1B3C4B4F4A2D}.Debug|x86.Build.0 = Debug|Any CPU
		{31568795-7E3A-4449-AC12-1B3C4B4F4A2D}.Release|Any CPU.ActiveCfg = Release|Any CPU
		{31568795-7E3A-4449-AC12-1B3C4B4F4A2D}.Release|Any CPU.Build.0 = Release|Any CPU
		{31568795-7E3A-4449-AC12-1B3C4B4F4A2D}.Release|ARM.ActiveCfg = Release|Any CPU
		{31568795-7E3A-4449-AC12-1B3C4B4F4A2D}.Release|ARM.Build.0 = Release|Any CPU
		{31568795-7E3A-4449-AC12-1B3C4B4F4A2D}.Release|iPhone.ActiveCfg = Release|Any CPU
		{31568795-7E3A-4449-AC12-1B3C4B4F4A2D}.Release|iPhone.Build.0 = Release|Any CPU
		{31568795-7E3A-4449-AC12-1B3C4B4F4A2D}.Release|iPhoneSimulator.ActiveCfg = Release|Any CPU
		{31568795-7E3A-4449-AC12-1B3C4B4F4A2D}.Release|iPhoneSimulator.Build.0 = Release|Any CPU
		{31568795-7E3A-4449-AC12-1B3C4B4F4A2D}.Release|x64.ActiveCfg = Release|Any CPU
		{31568795-7E3A-4449-AC12-1B3C4B4F4A2D}.Release|x64.Build.0 = Release|Any CPU
		{31568795-7E3A-4449-AC12-1B3C4B4F4A2D}.Release|x86.ActiveCfg = Release|Any CPU
		{31568795-7E3A-4449-AC12-1B3C4B4F4A2D}.Release|x86.Build.0 = Release|Any CPU
		{5A7AF748-94AF-4B3A-B65A-D56638E01E58}.Ad-Hoc|Any CPU.ActiveCfg = Release|x86
		{5A7AF748-94AF-4B3A-B65A-D56638E01E58}.Ad-Hoc|Any CPU.Build.0 = Release|x86
		{5A7AF748-94AF-4B3A-B65A-D56638E01E58}.Ad-Hoc|Any CPU.Deploy.0 = Release|x86
		{5A7AF748-94AF-4B3A-B65A-D56638E01E58}.Ad-Hoc|ARM.ActiveCfg = Release|ARM
		{5A7AF748-94AF-4B3A-B65A-D56638E01E58}.Ad-Hoc|ARM.Build.0 = Release|ARM
		{5A7AF748-94AF-4B3A-B65A-D56638E01E58}.Ad-Hoc|ARM.Deploy.0 = Release|ARM
		{5A7AF748-94AF-4B3A-B65A-D56638E01E58}.Ad-Hoc|iPhone.ActiveCfg = Release|x86
		{5A7AF748-94AF-4B3A-B65A-D56638E01E58}.Ad-Hoc|iPhone.Build.0 = Release|x86
		{5A7AF748-94AF-4B3A-B65A-D56638E01E58}.Ad-Hoc|iPhone.Deploy.0 = Release|x86
		{5A7AF748-94AF-4B3A-B65A-D56638E01E58}.Ad-Hoc|iPhoneSimulator.ActiveCfg = Release|x86
		{5A7AF748-94AF-4B3A-B65A-D56638E01E58}.Ad-Hoc|iPhoneSimulator.Build.0 = Release|x86
		{5A7AF748-94AF-4B3A-B65A-D56638E01E58}.Ad-Hoc|iPhoneSimulator.Deploy.0 = Release|x86
		{5A7AF748-94AF-4B3A-B65A-D56638E01E58}.Ad-Hoc|x64.ActiveCfg = Release|x64
		{5A7AF748-94AF-4B3A-B65A-D56638E01E58}.Ad-Hoc|x64.Build.0 = Release|x64
		{5A7AF748-94AF-4B3A-B65A-D56638E01E58}.Ad-Hoc|x64.Deploy.0 = Release|x64
		{5A7AF748-94AF-4B3A-B65A-D56638E01E58}.Ad-Hoc|x86.ActiveCfg = Release|x86
		{5A7AF748-94AF-4B3A-B65A-D56638E01E58}.Ad-Hoc|x86.Build.0 = Release|x86
		{5A7AF748-94AF-4B3A-B65A-D56638E01E58}.Ad-Hoc|x86.Deploy.0 = Release|x86
		{5A7AF748-94AF-4B3A-B65A-D56638E01E58}.AppStore|Any CPU.ActiveCfg = Release|x86
		{5A7AF748-94AF-4B3A-B65A-D56638E01E58}.AppStore|Any CPU.Build.0 = Release|x86
		{5A7AF748-94AF-4B3A-B65A-D56638E01E58}.AppStore|Any CPU.Deploy.0 = Release|x86
		{5A7AF748-94AF-4B3A-B65A-D56638E01E58}.AppStore|ARM.ActiveCfg = Release|ARM
		{5A7AF748-94AF-4B3A-B65A-D56638E01E58}.AppStore|ARM.Build.0 = Release|ARM
		{5A7AF748-94AF-4B3A-B65A-D56638E01E58}.AppStore|ARM.Deploy.0 = Release|ARM
		{5A7AF748-94AF-4B3A-B65A-D56638E01E58}.AppStore|iPhone.ActiveCfg = Release|x86
		{5A7AF748-94AF-4B3A-B65A-D56638E01E58}.AppStore|iPhone.Build.0 = Release|x86
		{5A7AF748-94AF-4B3A-B65A-D56638E01E58}.AppStore|iPhone.Deploy.0 = Release|x86
		{5A7AF748-94AF-4B3A-B65A-D56638E01E58}.AppStore|iPhoneSimulator.ActiveCfg = Release|x86
		{5A7AF748-94AF-4B3A-B65A-D56638E01E58}.AppStore|iPhoneSimulator.Build.0 = Release|x86
		{5A7AF748-94AF-4B3A-B65A-D56638E01E58}.AppStore|iPhoneSimulator.Deploy.0 = Release|x86
		{5A7AF748-94AF-4B3A-B65A-D56638E01E58}.AppStore|x64.ActiveCfg = Release|x64
		{5A7AF748-94AF-4B3A-B65A-D56638E01E58}.AppStore|x64.Build.0 = Release|x64
		{5A7AF748-94AF-4B3A-B65A-D56638E01E58}.AppStore|x64.Deploy.0 = Release|x64
		{5A7AF748-94AF-4B3A-B65A-D56638E01E58}.AppStore|x86.ActiveCfg = Release|x86
		{5A7AF748-94AF-4B3A-B65A-D56638E01E58}.AppStore|x86.Build.0 = Release|x86
		{5A7AF748-94AF-4B3A-B65A-D56638E01E58}.AppStore|x86.Deploy.0 = Release|x86
		{5A7AF748-94AF-4B3A-B65A-D56638E01E58}.Debug|Any CPU.ActiveCfg = Debug|x86
		{5A7AF748-94AF-4B3A-B65A-D56638E01E58}.Debug|ARM.ActiveCfg = Debug|ARM
		{5A7AF748-94AF-4B3A-B65A-D56638E01E58}.Debug|ARM.Build.0 = Debug|ARM
		{5A7AF748-94AF-4B3A-B65A-D56638E01E58}.Debug|ARM.Deploy.0 = Debug|ARM
		{5A7AF748-94AF-4B3A-B65A-D56638E01E58}.Debug|iPhone.ActiveCfg = Debug|x86
		{5A7AF748-94AF-4B3A-B65A-D56638E01E58}.Debug|iPhoneSimulator.ActiveCfg = Debug|x86
		{5A7AF748-94AF-4B3A-B65A-D56638E01E58}.Debug|x64.ActiveCfg = Debug|x64
		{5A7AF748-94AF-4B3A-B65A-D56638E01E58}.Debug|x64.Build.0 = Debug|x64
		{5A7AF748-94AF-4B3A-B65A-D56638E01E58}.Debug|x64.Deploy.0 = Debug|x64
		{5A7AF748-94AF-4B3A-B65A-D56638E01E58}.Debug|x86.ActiveCfg = Debug|x86
		{5A7AF748-94AF-4B3A-B65A-D56638E01E58}.Debug|x86.Build.0 = Debug|x86
		{5A7AF748-94AF-4B3A-B65A-D56638E01E58}.Debug|x86.Deploy.0 = Debug|x86
		{5A7AF748-94AF-4B3A-B65A-D56638E01E58}.Release|Any CPU.ActiveCfg = Release|x86
		{5A7AF748-94AF-4B3A-B65A-D56638E01E58}.Release|ARM.ActiveCfg = Release|ARM
		{5A7AF748-94AF-4B3A-B65A-D56638E01E58}.Release|ARM.Build.0 = Release|ARM
		{5A7AF748-94AF-4B3A-B65A-D56638E01E58}.Release|ARM.Deploy.0 = Release|ARM
		{5A7AF748-94AF-4B3A-B65A-D56638E01E58}.Release|iPhone.ActiveCfg = Release|x86
		{5A7AF748-94AF-4B3A-B65A-D56638E01E58}.Release|iPhoneSimulator.ActiveCfg = Release|x86
		{5A7AF748-94AF-4B3A-B65A-D56638E01E58}.Release|x64.ActiveCfg = Release|x64
		{5A7AF748-94AF-4B3A-B65A-D56638E01E58}.Release|x64.Build.0 = Release|x64
		{5A7AF748-94AF-4B3A-B65A-D56638E01E58}.Release|x64.Deploy.0 = Release|x64
		{5A7AF748-94AF-4B3A-B65A-D56638E01E58}.Release|x86.ActiveCfg = Release|x86
		{5A7AF748-94AF-4B3A-B65A-D56638E01E58}.Release|x86.Build.0 = Release|x86
		{5A7AF748-94AF-4B3A-B65A-D56638E01E58}.Release|x86.Deploy.0 = Release|x86
		{90FA2716-4B2B-405B-987D-80D3E01813E9}.Ad-Hoc|Any CPU.ActiveCfg = Ad-Hoc|iPhone
		{90FA2716-4B2B-405B-987D-80D3E01813E9}.Ad-Hoc|ARM.ActiveCfg = Ad-Hoc|iPhone
		{90FA2716-4B2B-405B-987D-80D3E01813E9}.Ad-Hoc|iPhone.ActiveCfg = Ad-Hoc|iPhone
		{90FA2716-4B2B-405B-987D-80D3E01813E9}.Ad-Hoc|iPhone.Build.0 = Ad-Hoc|iPhone
		{90FA2716-4B2B-405B-987D-80D3E01813E9}.Ad-Hoc|iPhoneSimulator.ActiveCfg = Ad-Hoc|iPhoneSimulator
		{90FA2716-4B2B-405B-987D-80D3E01813E9}.Ad-Hoc|iPhoneSimulator.Build.0 = Ad-Hoc|iPhoneSimulator
		{90FA2716-4B2B-405B-987D-80D3E01813E9}.Ad-Hoc|x64.ActiveCfg = Ad-Hoc|iPhone
		{90FA2716-4B2B-405B-987D-80D3E01813E9}.Ad-Hoc|x86.ActiveCfg = Ad-Hoc|iPhone
		{90FA2716-4B2B-405B-987D-80D3E01813E9}.AppStore|Any CPU.ActiveCfg = AppStore|iPhone
		{90FA2716-4B2B-405B-987D-80D3E01813E9}.AppStore|ARM.ActiveCfg = AppStore|iPhone
		{90FA2716-4B2B-405B-987D-80D3E01813E9}.AppStore|iPhone.ActiveCfg = AppStore|iPhone
		{90FA2716-4B2B-405B-987D-80D3E01813E9}.AppStore|iPhone.Build.0 = AppStore|iPhone
		{90FA2716-4B2B-405B-987D-80D3E01813E9}.AppStore|iPhoneSimulator.ActiveCfg = AppStore|iPhoneSimulator
		{90FA2716-4B2B-405B-987D-80D3E01813E9}.AppStore|iPhoneSimulator.Build.0 = AppStore|iPhoneSimulator
		{90FA2716-4B2B-405B-987D-80D3E01813E9}.AppStore|x64.ActiveCfg = AppStore|iPhone
		{90FA2716-4B2B-405B-987D-80D3E01813E9}.AppStore|x86.ActiveCfg = AppStore|iPhone
		{90FA2716-4B2B-405B-987D-80D3E01813E9}.Debug|Any CPU.ActiveCfg = Debug|iPhone
		{90FA2716-4B2B-405B-987D-80D3E01813E9}.Debug|ARM.ActiveCfg = Debug|iPhone
		{90FA2716-4B2B-405B-987D-80D3E01813E9}.Debug|iPhone.ActiveCfg = Debug|iPhone
		{90FA2716-4B2B-405B-987D-80D3E01813E9}.Debug|iPhone.Build.0 = Debug|iPhone
		{90FA2716-4B2B-405B-987D-80D3E01813E9}.Debug|iPhoneSimulator.ActiveCfg = Debug|iPhoneSimulator
		{90FA2716-4B2B-405B-987D-80D3E01813E9}.Debug|iPhoneSimulator.Build.0 = Debug|iPhoneSimulator
		{90FA2716-4B2B-405B-987D-80D3E01813E9}.Debug|x64.ActiveCfg = Debug|iPhone
		{90FA2716-4B2B-405B-987D-80D3E01813E9}.Debug|x86.ActiveCfg = Debug|iPhone
		{90FA2716-4B2B-405B-987D-80D3E01813E9}.Release|Any CPU.ActiveCfg = Release|iPhone
		{90FA2716-4B2B-405B-987D-80D3E01813E9}.Release|ARM.ActiveCfg = Release|iPhone
		{90FA2716-4B2B-405B-987D-80D3E01813E9}.Release|iPhone.ActiveCfg = Release|iPhone
		{90FA2716-4B2B-405B-987D-80D3E01813E9}.Release|iPhone.Build.0 = Release|iPhone
		{90FA2716-4B2B-405B-987D-80D3E01813E9}.Release|iPhoneSimulator.ActiveCfg = Release|iPhoneSimulator
		{90FA2716-4B2B-405B-987D-80D3E01813E9}.Release|iPhoneSimulator.Build.0 = Release|iPhoneSimulator
		{90FA2716-4B2B-405B-987D-80D3E01813E9}.Release|x64.ActiveCfg = Release|iPhone
		{90FA2716-4B2B-405B-987D-80D3E01813E9}.Release|x86.ActiveCfg = Release|iPhone
	EndGlobalSection
	GlobalSection(SolutionProperties) = preSolution
		HideSolutionNode = FALSE
	EndGlobalSection
	GlobalSection(ExtensibilityGlobals) = postSolution
		SolutionGuid = {DB1693A9-3F33-415A-9B79-8926B77899FC}
	EndGlobalSection
EndGlobal
